
Microsoft Visual Studio Solution File, Format Version 12.00
# Visual Studio Version 17
VisualStudioVersion = 17.6.33723.286
MinimumVisualStudioVersion = 10.0.40219.1
Project("{FAE04EC0-301F-11D3-BF4B-00C04F79EFBC}") = "Lab_4", "Interface\Lab_4.csproj", "{A8B94297-0488-4E15-B0F6-56DC1DB4E48E}"
EndProject
Project("{FAE04EC0-301F-11D3-BF4B-00C04F79EFBC}") = "UnitTestLab_4", "UnitTestLab_4\UnitTestLab_4.csproj", "{9424CF1A-539C-4F37-91A5-64944AC2B03F}"
EndProject
Global
	GlobalSection(SolutionConfigurationPlatforms) = preSolution
		Debug|Any CPU = Debug|Any CPU
		Release|Any CPU = Release|Any CPU
	EndGlobalSection
	GlobalSection(ProjectConfigurationPlatforms) = postSolution
		{A8B94297-0488-4E15-B0F6-56DC1DB4E48E}.Debug|Any CPU.ActiveCfg = Debug|Any CPU
		{A8B94297-0488-4E15-B0F6-56DC1DB4E48E}.Debug|Any CPU.Build.0 = Debug|Any CPU
		{A8B94297-0488-4E15-B0F6-56DC1DB4E48E}.Release|Any CPU.ActiveCfg = Release|Any CPU
		{A8B94297-0488-4E15-B0F6-56DC1DB4E48E}.Release|Any CPU.Build.0 = Release|Any CPU
		{9424CF1A-539C-4F37-91A5-64944AC2B03F}.Debug|Any CPU.ActiveCfg = Debug|Any CPU
		{9424CF1A-539C-4F37-91A5-64944AC2B03F}.Debug|Any CPU.Build.0 = Debug|Any CPU
		{9424CF1A-539C-4F37-91A5-64944AC2B03F}.Release|Any CPU.ActiveCfg = Release|Any CPU
		{9424CF1A-539C-4F37-91A5-64944AC2B03F}.Release|Any CPU.Build.0 = Release|Any CPU
	EndGlobalSection
	GlobalSection(SolutionProperties) = preSolution
		HideSolutionNode = FALSE
	EndGlobalSection
	GlobalSection(ExtensibilityGlobals) = postSolution
		SolutionGuid = {68D6627F-92EA-4521-93D8-BC6690DF34BB}
	EndGlobalSection
EndGlobal
